<?xml version="1.0"?>
<Project ToolsVersion="4.0" xmlns="http://schemas.microsoft.com/developer/msbuild/2003">
	<ItemGroup>
		<ClCompile Include="src\testApp.cpp">
			<Filter>src</Filter>
		</ClCompile>
		<ClCompile Include="src\main.cpp">
			<Filter>src</Filter>
		</ClCompile>
		<ClCompile Include="..\..\..\addons\ofxXmlSettings\src\ofxXmlSettings.cpp">
			<Filter>addons\ofxXmlSettings\src</Filter>
		</ClCompile>
		<ClCompile Include="..\..\..\addons\ofxXmlSettings\libs\tinyxml.cpp">
			<Filter>addons\ofxXmlSettings\libs</Filter>
		</ClCompile>
		<ClCompile Include="..\..\..\addons\ofxXmlSettings\libs\tinyxmlerror.cpp">
			<Filter>addons\ofxXmlSettings\libs</Filter>
		</ClCompile>
		<ClCompile Include="..\..\..\addons\ofxXmlSettings\libs\tinyxmlparser.cpp">
			<Filter>addons\ofxXmlSettings\libs</Filter>
		</ClCompile>
		<ClCompile Include="..\..\..\addons\ofxNanoKontrol2\src\MidiMessage.cpp">
			<Filter>addons\ofxNanoKontrol2\src</Filter>
		</ClCompile>
		<ClCompile Include="..\..\..\addons\ofxNanoKontrol2\src\NanoKontrol2.cpp">
			<Filter>addons\ofxNanoKontrol2\src</Filter>
		</ClCompile>
		<ClCompile Include="..\..\..\addons\ofxNanoKontrol2\libs\RtMidi\src\RtMidi.cpp">
			<Filter>addons\ofxNanoKontrol2\libs\RtMidi\src</Filter>
		</ClCompile>
	</ItemGroup>
	<ItemGroup>
		<Filter Include="src">
			<UniqueIdentifier>{d8376475-7454-4a24-b08a-aac121d3ad6f}</UniqueIdentifier>
		</Filter>
		<Filter Include="addons">
			<UniqueIdentifier>{71834f65-f3a9-211e-73b8-dc8563776aec}</UniqueIdentifier>
		</Filter>
		<Filter Include="addons\ofxXmlSettings">
			<UniqueIdentifier>{877f005d-13e6-0592-1d97-f2e39d804d43}</UniqueIdentifier>
		</Filter>
		<Filter Include="addons\ofxXmlSettings\src">
			<UniqueIdentifier>{ccb2ac63-49d2-977c-cfe8-aeadb8be6a99}</UniqueIdentifier>
		</Filter>
		<Filter Include="addons\ofxXmlSettings\libs">
			<UniqueIdentifier>{687714a8-1662-fa1c-261f-50f068335398}</UniqueIdentifier>
		</Filter>
		<Filter Include="addons\ofxNanoKontrol2">
			<UniqueIdentifier>{e49598c5-8af6-415a-1748-fea791a47002}</UniqueIdentifier>
		</Filter>
		<Filter Include="addons\ofxNanoKontrol2\src">
			<UniqueIdentifier>{8cc46017-539b-8550-3fd5-40e507b88a8a}</UniqueIdentifier>
		</Filter>
		<Filter Include="addons\ofxNanoKontrol2\libs">
			<UniqueIdentifier>{9efad420-3960-1330-942f-9e57e1c039d2}</UniqueIdentifier>
		</Filter>
		<Filter Include="addons\ofxNanoKontrol2\libs\RtMidi">
			<UniqueIdentifier>{7405cf0f-3e3b-1e6b-0b0e-08cbcaa21b5f}</UniqueIdentifier>
		</Filter>
		<Filter Include="addons\ofxNanoKontrol2\libs\RtMidi\include">
			<UniqueIdentifier>{3d48e641-c03d-41d6-ca3f-f2af9cbebfc2}</UniqueIdentifier>
		</Filter>
		<Filter Include="addons\ofxNanoKontrol2\libs\RtMidi\src">
			<UniqueIdentifier>{7091b211-e00f-26b6-5556-0e1521cd3938}</UniqueIdentifier>
		</Filter>
	</ItemGroup>
	<ItemGroup>
		<ClInclude Include="src\testApp.h">
			<Filter>src</Filter>
		</ClInclude>
		<ClInclude Include="..\..\..\addons\ofxXmlSettings\src\ofxXmlSettings.h">
			<Filter>addons\ofxXmlSettings\src</Filter>
		</ClInclude>
		<ClInclude Include="..\..\..\addons\ofxXmlSettings\libs\tinyxml.h">
			<Filter>addons\ofxXmlSettings\libs</Filter>
		</ClInclude>
		<ClInclude Include="..\..\..\addons\ofxNanoKontrol2\src\MidiMessage.h">
			<Filter>addons\ofxNanoKontrol2\src</Filter>
		</ClInclude>
		<ClInclude Include="..\..\..\addons\ofxNanoKontrol2\src\NanoKontrol2.h">
			<Filter>addons\ofxNanoKontrol2\src</Filter>
		</ClInclude>
		<ClInclude Include="..\..\..\addons\ofxNanoKontrol2\libs\RtMidi\include\RtError.h">
			<Filter>addons\ofxNanoKontrol2\libs\RtMidi\include</Filter>
		</ClInclude>
		<ClInclude Include="..\..\..\addons\ofxNanoKontrol2\libs\RtMidi\include\RtMidi.h">
			<Filter>addons\ofxNanoKontrol2\libs\RtMidi\include</Filter>
		</ClInclude>
	</ItemGroup>
</Project>
